
Microsoft Visual Studio Solution File, Format Version 12.00
# Visual Studio 2012
Project("{FAE04EC0-301F-11D3-BF4B-00C04F79EFBC}") = "excel2json", "excel2json.csproj", "{3F3729F4-9C16-40FB-956D-BE6C18C1A418}"
EndProject
Global
	GlobalSection(SolutionConfigurationPlatforms) = preSolution
		Debug|Any CPU = Debug|Any CPU
		Release|Any CPU = Release|Any CPU
	EndGlobalSection
	GlobalSection(ProjectConfigurationPlatforms) = postSolution
		{3F3729F4-9C16-40FB-956D-BE6C18C1A418}.Debug|Any CPU.ActiveCfg = Debug|Any CPU
		{3F3729F4-9C16-40FB-956D-BE6C18C1A418}.Debug|Any CPU.Build.0 = Debug|Any CPU
		{3F3729F4-9C16-40FB-956D-BE6C18C1A418}.Release|Any CPU.ActiveCfg = Release|Any CPU
		{3F3729F4-9C16-40FB-956D-BE6C18C1A418}.Release|Any CPU.Build.0 = Release|Any CPU
	EndGlobalSection
	GlobalSection(SolutionProperties) = preSolution
		HideSolutionNode = FALSE
	EndGlobalSection
EndGlobal
